
Microsoft Visual Studio Solution File, Format Version 12.00
# Visual Studio Version 17
VisualStudioVersion = 17.11.35327.3
MinimumVisualStudioVersion = 10.0.40219.1
Project("{2150E333-8FDC-42A3-9474-1A3956D46DE8}") = "Task0", "Task0", "{34152654-30ED-4685-B8DD-294EF536B5E4}"
EndProject
Project("{2150E333-8FDC-42A3-9474-1A3956D46DE8}") = "Task1", "Task1", "{446945DA-3A31-4BE7-A68F-940A1E9A612B}"
EndProject
Project("{2150E333-8FDC-42A3-9474-1A3956D46DE8}") = "Task2", "Task2", "{DE6D3FDB-DE57-44B7-9F83-9C8686316355}"
EndProject
Project("{2150E333-8FDC-42A3-9474-1A3956D46DE8}") = "Task3", "Task3", "{6252BBCA-9924-408A-9B3C-AFAB70920417}"
EndProject
Project("{2150E333-8FDC-42A3-9474-1A3956D46DE8}") = "Task4", "Task4", "{75B05F94-880D-4E73-954D-DA97C6894CBC}"
EndProject
Project("{2150E333-8FDC-42A3-9474-1A3956D46DE8}") = "Task5", "Task5", "{05DD9B74-0486-41A7-9AAC-1CAB9A0C4C03}"
EndProject
Project("{2150E333-8FDC-42A3-9474-1A3956D46DE8}") = "Task6", "Task6", "{B3C42B03-CB62-497C-A76B-E3ECCCD4194B}"
EndProject
Project("{2150E333-8FDC-42A3-9474-1A3956D46DE8}") = "Task7", "Task7", "{E12A21C6-099B-4B74-822E-0FA521098054}"
EndProject
Project("{FAE04EC0-301F-11D3-BF4B-00C04F79EFBC}") = "Tyuiu.AkhmetovRR.Sprint3.Task0.V16", "Tyuiu.AkhmetovRR.Sprint3.Task0.V16\Tyuiu.AkhmetovRR.Sprint3.Task0.V16.csproj", "{31C42F41-7E34-41C3-B3A5-9D7C78BA4830}"
EndProject
Project("{FAE04EC0-301F-11D3-BF4B-00C04F79EFBC}") = "Tyuiu.AkhmetovRR.Sprint3.Task0.V16.Lib", "Tyuiu.AkhmetovRR.Sprint3.Task0.V16.Lib\Tyuiu.AkhmetovRR.Sprint3.Task0.V16.Lib.csproj", "{61E2CF54-C262-4475-8C39-AEA115163D14}"
EndProject
Project("{FAE04EC0-301F-11D3-BF4B-00C04F79EFBC}") = "Tyuiu.AkhmetovRR.Sprint3.Task0.V16.Test", "Tyuiu.AkhmetovRR.Sprint3.Task0.V16.Test\Tyuiu.AkhmetovRR.Sprint3.Task0.V16.Test.csproj", "{BDBFB8DA-F08F-4952-B47C-FF0BF97C2FB3}"
EndProject
Project("{FAE04EC0-301F-11D3-BF4B-00C04F79EFBC}") = "Tyuiu.AkhmetovRR.Sprint3.Task1.V24", "Tyuiu.AkhmetovRR.Sprint3.Task1.V24\Tyuiu.AkhmetovRR.Sprint3.Task1.V24.csproj", "{E546EDFC-4E86-4D11-B045-029B36895F58}"
EndProject
Project("{FAE04EC0-301F-11D3-BF4B-00C04F79EFBC}") = "Tyuiu.AkhmetovRR.Sprint3.Task1.V24.Lib", "Tyuiu.AkhmetovRR.Sprint3.Task1.V24.Lib\Tyuiu.AkhmetovRR.Sprint3.Task1.V24.Lib.csproj", "{A9FD2539-A36E-41F5-8849-5357EECDCA96}"
EndProject
Project("{FAE04EC0-301F-11D3-BF4B-00C04F79EFBC}") = "Tyuiu.AkhmetovRR.Sprint3.Task1.V24.Test", "Tyuiu.AkhmetovRR.Sprint3.Task1.V24.Test\Tyuiu.AkhmetovRR.Sprint3.Task1.V24.Test.csproj", "{0D9A610D-AC03-49B7-B6D1-C183B527E8FD}"
EndProject
Project("{FAE04EC0-301F-11D3-BF4B-00C04F79EFBC}") = "Tyuiu.AkhmetovRR.Sprint3.Task2.V26", "Tyuiu.AkhmetovRR.Sprint3.Task2.V26\Tyuiu.AkhmetovRR.Sprint3.Task2.V26.csproj", "{82F860F6-42FD-4CA3-9AC4-2AF23E6C01E3}"
EndProject
Project("{FAE04EC0-301F-11D3-BF4B-00C04F79EFBC}") = "Tyuiu.AkhmetovRR.Sprint3.Task2.V26.Lib", "Tyuiu.AkhmetovRR.Sprint3.Task2.V26.Lib\Tyuiu.AkhmetovRR.Sprint3.Task2.V26.Lib.csproj", "{ACE078AD-79B7-4D95-8FC0-9DBAF9604C3C}"
EndProject
Project("{FAE04EC0-301F-11D3-BF4B-00C04F79EFBC}") = "Tyuiu.AkhmetovRR.Sprint3.Task2.V26.Test", "Tyuiu.AkhmetovRR.Sprint3.Task2.V26.Test\Tyuiu.AkhmetovRR.Sprint3.Task2.V26.Test.csproj", "{121F501D-61B2-4D14-BC1D-0E45C5E87F58}"
EndProject
Project("{FAE04EC0-301F-11D3-BF4B-00C04F79EFBC}") = "Tyuiu.AkhmetovRR.Sprint3.Task3.V20", "Tyuiu.AkhmetovRR.Sprint3.Task3.V20\Tyuiu.AkhmetovRR.Sprint3.Task3.V20.csproj", "{1E11B317-7659-4ECF-B4E1-114424B3BC3B}"
EndProject
Project("{FAE04EC0-301F-11D3-BF4B-00C04F79EFBC}") = "Tyuiu.AkhmetovRR.Sprint3.Task3.V20.Lib", "Tyuiu.AkhmetovRR.Sprint3.Task3.V20.Lib\Tyuiu.AkhmetovRR.Sprint3.Task3.V20.Lib.csproj", "{2A228C48-CFD0-4583-9BA9-987791AAE8A4}"
EndProject
Project("{FAE04EC0-301F-11D3-BF4B-00C04F79EFBC}") = "Tyuiu.AkhmetovRR.Sprint3.Task3.V20.Test", "Tyuiu.AkhmetovRR.Sprint3.Task3.V20.Test\Tyuiu.AkhmetovRR.Sprint3.Task3.V20.Test.csproj", "{DFF4CA6C-1329-4BB3-A66F-BBA008B4343C}"
EndProject
Project("{FAE04EC0-301F-11D3-BF4B-00C04F79EFBC}") = "Tyuiu.AkhmetovRR.Sprint3.Task4.V12", "Tyuiu.AkhmetovRR.Sprint3.Task4.V12\Tyuiu.AkhmetovRR.Sprint3.Task4.V12.csproj", "{225306D7-917A-4B64-ADCF-A98055FBF716}"
EndProject
Project("{FAE04EC0-301F-11D3-BF4B-00C04F79EFBC}") = "Tyuiu.AkhmetovRR.Sprint3.Task4.V12.Lib", "Tyuiu.AkhmetovRR.Sprint3.Task4.V12.Lib\Tyuiu.AkhmetovRR.Sprint3.Task4.V12.Lib.csproj", "{BAA41741-F749-40D4-8E92-3932F7E13E7C}"
EndProject
Project("{FAE04EC0-301F-11D3-BF4B-00C04F79EFBC}") = "Tyuiu.AkhmetovRR.Sprint3.Task4.V12.Test", "Tyuiu.AkhmetovRR.Sprint3.Task4.V12.Test\Tyuiu.AkhmetovRR.Sprint3.Task4.V12.Test.csproj", "{303E9A85-D724-45B4-BDE6-41E28948E0AD}"
EndProject
Project("{FAE04EC0-301F-11D3-BF4B-00C04F79EFBC}") = "Tyuiu.AkhmetovRR.Sprint3.Task5.V3", "Tyuiu.AkhmetovRR.Sprint3.Task5.V3\Tyuiu.AkhmetovRR.Sprint3.Task5.V3.csproj", "{3AE757DA-F658-4292-AF35-884B68059464}"
EndProject
Project("{FAE04EC0-301F-11D3-BF4B-00C04F79EFBC}") = "Tyuiu.AkhmetovRR.Sprint3.Task5.V3.Lib", "Tyuiu.AkhmetovRR.Sprint3.Task5.V3.Lib\Tyuiu.AkhmetovRR.Sprint3.Task5.V3.Lib.csproj", "{B86BA607-8A71-4007-94D6-3501F4E47DBC}"
EndProject
Project("{FAE04EC0-301F-11D3-BF4B-00C04F79EFBC}") = "Tyuiu.AkhmetovRR.Sprint3.Task5.V3.Test", "Tyuiu.AkhmetovRR.Sprint3.Task5.V3.Test\Tyuiu.AkhmetovRR.Sprint3.Task5.V3.Test.csproj", "{947E2803-783D-4252-8B64-25E3E4885D87}"
EndProject
Project("{FAE04EC0-301F-11D3-BF4B-00C04F79EFBC}") = "Tyuiu.AkhmetovRR.Sprint3.Task6.V4", "Tyuiu.AkhmetovRR.Sprint3.Task6.V4\Tyuiu.AkhmetovRR.Sprint3.Task6.V4.csproj", "{76BEB49B-D984-4A5F-810B-EF7551829B79}"
EndProject
Project("{FAE04EC0-301F-11D3-BF4B-00C04F79EFBC}") = "Tyuiu.AkhmetovRR.Sprint3.Task6.V4.Lib", "Tyuiu.AkhmetovRR.Sprint3.Task6.V4.Lib\Tyuiu.AkhmetovRR.Sprint3.Task6.V4.Lib.csproj", "{C68B2A24-5117-473C-8D35-F5F2983128B5}"
EndProject
Project("{FAE04EC0-301F-11D3-BF4B-00C04F79EFBC}") = "Tyuiu.AkhmetovRR.Sprint3.Task6.V4.Test", "Tyuiu.AkhmetovRR.Sprint3.Task6.V4.Test\Tyuiu.AkhmetovRR.Sprint3.Task6.V4.Test.csproj", "{E0F710C7-7968-409A-BDCC-E294D85763F6}"
EndProject
Project("{FAE04EC0-301F-11D3-BF4B-00C04F79EFBC}") = "Tyuiu.AkhmetovRR.Sprint3.Task7.V26", "Tyuiu.AkhmetovRR.Sprint3.Task7.V26\Tyuiu.AkhmetovRR.Sprint3.Task7.V26.csproj", "{65ED28A5-78A1-42A1-81E4-F0AE09548742}"
EndProject
Project("{FAE04EC0-301F-11D3-BF4B-00C04F79EFBC}") = "Tyuiu.AkhmetovRR.Sprint3.Task7.V26.Lib", "Tyuiu.AkhmetovRR.Sprint3.Task7.V26.Lib\Tyuiu.AkhmetovRR.Sprint3.Task7.V26.Lib.csproj", "{F0B0C1D6-1F74-4671-A7FF-E7FC25AEE04F}"
EndProject
Project("{FAE04EC0-301F-11D3-BF4B-00C04F79EFBC}") = "Tyuiu.AkhmetovRR.Sprint3.Task7.V26.Test", "Tyuiu.AkhmetovRR.Sprint3.Task7.V26.Test\Tyuiu.AkhmetovRR.Sprint3.Task7.V26.Test.csproj", "{5C16CFD3-8ACD-4794-8A6B-82A0D161B1BF}"
EndProject
Global
	GlobalSection(SolutionConfigurationPlatforms) = preSolution
		Debug|Any CPU = Debug|Any CPU
		Release|Any CPU = Release|Any CPU
	EndGlobalSection
	GlobalSection(ProjectConfigurationPlatforms) = postSolution
		{31C42F41-7E34-41C3-B3A5-9D7C78BA4830}.Debug|Any CPU.ActiveCfg = Debug|Any CPU
		{31C42F41-7E34-41C3-B3A5-9D7C78BA4830}.Debug|Any CPU.Build.0 = Debug|Any CPU
		{31C42F41-7E34-41C3-B3A5-9D7C78BA4830}.Release|Any CPU.ActiveCfg = Release|Any CPU
		{31C42F41-7E34-41C3-B3A5-9D7C78BA4830}.Release|Any CPU.Build.0 = Release|Any CPU
		{61E2CF54-C262-4475-8C39-AEA115163D14}.Debug|Any CPU.ActiveCfg = Debug|Any CPU
		{61E2CF54-C262-4475-8C39-AEA115163D14}.Debug|Any CPU.Build.0 = Debug|Any CPU
		{61E2CF54-C262-4475-8C39-AEA115163D14}.Release|Any CPU.ActiveCfg = Release|Any CPU
		{61E2CF54-C262-4475-8C39-AEA115163D14}.Release|Any CPU.Build.0 = Release|Any CPU
		{BDBFB8DA-F08F-4952-B47C-FF0BF97C2FB3}.Debug|Any CPU.ActiveCfg = Debug|Any CPU
		{BDBFB8DA-F08F-4952-B47C-FF0BF97C2FB3}.Debug|Any CPU.Build.0 = Debug|Any CPU
		{BDBFB8DA-F08F-4952-B47C-FF0BF97C2FB3}.Release|Any CPU.ActiveCfg = Release|Any CPU
		{BDBFB8DA-F08F-4952-B47C-FF0BF97C2FB3}.Release|Any CPU.Build.0 = Release|Any CPU
		{E546EDFC-4E86-4D11-B045-029B36895F58}.Debug|Any CPU.ActiveCfg = Debug|Any CPU
		{E546EDFC-4E86-4D11-B045-029B36895F58}.Debug|Any CPU.Build.0 = Debug|Any CPU
		{E546EDFC-4E86-4D11-B045-029B36895F58}.Release|Any CPU.ActiveCfg = Release|Any CPU
		{E546EDFC-4E86-4D11-B045-029B36895F58}.Release|Any CPU.Build.0 = Release|Any CPU
		{A9FD2539-A36E-41F5-8849-5357EECDCA96}.Debug|Any CPU.ActiveCfg = Debug|Any CPU
		{A9FD2539-A36E-41F5-8849-5357EECDCA96}.Debug|Any CPU.Build.0 = Debug|Any CPU
		{A9FD2539-A36E-41F5-8849-5357EECDCA96}.Release|Any CPU.ActiveCfg = Release|Any CPU
		{A9FD2539-A36E-41F5-8849-5357EECDCA96}.Release|Any CPU.Build.0 = Release|Any CPU
		{0D9A610D-AC03-49B7-B6D1-C183B527E8FD}.Debug|Any CPU.ActiveCfg = Debug|Any CPU
		{0D9A610D-AC03-49B7-B6D1-C183B527E8FD}.Debug|Any CPU.Build.0 = Debug|Any CPU
		{0D9A610D-AC03-49B7-B6D1-C183B527E8FD}.Release|Any CPU.ActiveCfg = Release|Any CPU
		{0D9A610D-AC03-49B7-B6D1-C183B527E8FD}.Release|Any CPU.Build.0 = Release|Any CPU
		{82F860F6-42FD-4CA3-9AC4-2AF23E6C01E3}.Debug|Any CPU.ActiveCfg = Debug|Any CPU
		{82F860F6-42FD-4CA3-9AC4-2AF23E6C01E3}.Debug|Any CPU.Build.0 = Debug|Any CPU
		{82F860F6-42FD-4CA3-9AC4-2AF23E6C01E3}.Release|Any CPU.ActiveCfg = Release|Any CPU
		{82F860F6-42FD-4CA3-9AC4-2AF23E6C01E3}.Release|Any CPU.Build.0 = Release|Any CPU
		{ACE078AD-79B7-4D95-8FC0-9DBAF9604C3C}.Debug|Any CPU.ActiveCfg = Debug|Any CPU
		{ACE078AD-79B7-4D95-8FC0-9DBAF9604C3C}.Debug|Any CPU.Build.0 = Debug|Any CPU
		{ACE078AD-79B7-4D95-8FC0-9DBAF9604C3C}.Release|Any CPU.ActiveCfg = Release|Any CPU
		{ACE078AD-79B7-4D95-8FC0-9DBAF9604C3C}.Release|Any CPU.Build.0 = Release|Any CPU
		{121F501D-61B2-4D14-BC1D-0E45C5E87F58}.Debug|Any CPU.ActiveCfg = Debug|Any CPU
		{121F501D-61B2-4D14-BC1D-0E45C5E87F58}.Debug|Any CPU.Build.0 = Debug|Any CPU
		{121F501D-61B2-4D14-BC1D-0E45C5E87F58}.Release|Any CPU.ActiveCfg = Release|Any CPU
		{121F501D-61B2-4D14-BC1D-0E45C5E87F58}.Release|Any CPU.Build.0 = Release|Any CPU
		{1E11B317-7659-4ECF-B4E1-114424B3BC3B}.Debug|Any CPU.ActiveCfg = Debug|Any CPU
		{1E11B317-7659-4ECF-B4E1-114424B3BC3B}.Debug|Any CPU.Build.0 = Debug|Any CPU
		{1E11B317-7659-4ECF-B4E1-114424B3BC3B}.Release|Any CPU.ActiveCfg = Release|Any CPU
		{1E11B317-7659-4ECF-B4E1-114424B3BC3B}.Release|Any CPU.Build.0 = Release|Any CPU
		{2A228C48-CFD0-4583-9BA9-987791AAE8A4}.Debug|Any CPU.ActiveCfg = Debug|Any CPU
		{2A228C48-CFD0-4583-9BA9-987791AAE8A4}.Debug|Any CPU.Build.0 = Debug|Any CPU
		{2A228C48-CFD0-4583-9BA9-987791AAE8A4}.Release|Any CPU.ActiveCfg = Release|Any CPU
		{2A228C48-CFD0-4583-9BA9-987791AAE8A4}.Release|Any CPU.Build.0 = Release|Any CPU
		{DFF4CA6C-1329-4BB3-A66F-BBA008B4343C}.Debug|Any CPU.ActiveCfg = Debug|Any CPU
		{DFF4CA6C-1329-4BB3-A66F-BBA008B4343C}.Debug|Any CPU.Build.0 = Debug|Any CPU
		{DFF4CA6C-1329-4BB3-A66F-BBA008B4343C}.Release|Any CPU.ActiveCfg = Release|Any CPU
		{DFF4CA6C-1329-4BB3-A66F-BBA008B4343C}.Release|Any CPU.Build.0 = Release|Any CPU
		{225306D7-917A-4B64-ADCF-A98055FBF716}.Debug|Any CPU.ActiveCfg = Debug|Any CPU
		{225306D7-917A-4B64-ADCF-A98055FBF716}.Debug|Any CPU.Build.0 = Debug|Any CPU
		{225306D7-917A-4B64-ADCF-A98055FBF716}.Release|Any CPU.ActiveCfg = Release|Any CPU
		{225306D7-917A-4B64-ADCF-A98055FBF716}.Release|Any CPU.Build.0 = Release|Any CPU
		{BAA41741-F749-40D4-8E92-3932F7E13E7C}.Debug|Any CPU.ActiveCfg = Debug|Any CPU
		{BAA41741-F749-40D4-8E92-3932F7E13E7C}.Debug|Any CPU.Build.0 = Debug|Any CPU
		{BAA41741-F749-40D4-8E92-3932F7E13E7C}.Release|Any CPU.ActiveCfg = Release|Any CPU
		{BAA41741-F749-40D4-8E92-3932F7E13E7C}.Release|Any CPU.Build.0 = Release|Any CPU
		{303E9A85-D724-45B4-BDE6-41E28948E0AD}.Debug|Any CPU.ActiveCfg = Debug|Any CPU
		{303E9A85-D724-45B4-BDE6-41E28948E0AD}.Debug|Any CPU.Build.0 = Debug|Any CPU
		{303E9A85-D724-45B4-BDE6-41E28948E0AD}.Release|Any CPU.ActiveCfg = Release|Any CPU
		{303E9A85-D724-45B4-BDE6-41E28948E0AD}.Release|Any CPU.Build.0 = Release|Any CPU
		{3AE757DA-F658-4292-AF35-884B68059464}.Debug|Any CPU.ActiveCfg = Debug|Any CPU
		{3AE757DA-F658-4292-AF35-884B68059464}.Debug|Any CPU.Build.0 = Debug|Any CPU
		{3AE757DA-F658-4292-AF35-884B68059464}.Release|Any CPU.ActiveCfg = Release|Any CPU
		{3AE757DA-F658-4292-AF35-884B68059464}.Release|Any CPU.Build.0 = Release|Any CPU
		{B86BA607-8A71-4007-94D6-3501F4E47DBC}.Debug|Any CPU.ActiveCfg = Debug|Any CPU
		{B86BA607-8A71-4007-94D6-3501F4E47DBC}.Debug|Any CPU.Build.0 = Debug|Any CPU
		{B86BA607-8A71-4007-94D6-3501F4E47DBC}.Release|Any CPU.ActiveCfg = Release|Any CPU
		{B86BA607-8A71-4007-94D6-3501F4E47DBC}.Release|Any CPU.Build.0 = Release|Any CPU
		{947E2803-783D-4252-8B64-25E3E4885D87}.Debug|Any CPU.ActiveCfg = Debug|Any CPU
		{947E2803-783D-4252-8B64-25E3E4885D87}.Debug|Any CPU.Build.0 = Debug|Any CPU
		{947E2803-783D-4252-8B64-25E3E4885D87}.Release|Any CPU.ActiveCfg = Release|Any CPU
		{947E2803-783D-4252-8B64-25E3E4885D87}.Release|Any CPU.Build.0 = Release|Any CPU
		{76BEB49B-D984-4A5F-810B-EF7551829B79}.Debug|Any CPU.ActiveCfg = Debug|Any CPU
		{76BEB49B-D984-4A5F-810B-EF7551829B79}.Debug|Any CPU.Build.0 = Debug|Any CPU
		{76BEB49B-D984-4A5F-810B-EF7551829B79}.Release|Any CPU.ActiveCfg = Release|Any CPU
		{76BEB49B-D984-4A5F-810B-EF7551829B79}.Release|Any CPU.Build.0 = Release|Any CPU
		{C68B2A24-5117-473C-8D35-F5F2983128B5}.Debug|Any CPU.ActiveCfg = Debug|Any CPU
		{C68B2A24-5117-473C-8D35-F5F2983128B5}.Debug|Any CPU.Build.0 = Debug|Any CPU
		{C68B2A24-5117-473C-8D35-F5F2983128B5}.Release|Any CPU.ActiveCfg = Release|Any CPU
		{C68B2A24-5117-473C-8D35-F5F2983128B5}.Release|Any CPU.Build.0 = Release|Any CPU
		{E0F710C7-7968-409A-BDCC-E294D85763F6}.Debug|Any CPU.ActiveCfg = Debug|Any CPU
		{E0F710C7-7968-409A-BDCC-E294D85763F6}.Debug|Any CPU.Build.0 = Debug|Any CPU
		{E0F710C7-7968-409A-BDCC-E294D85763F6}.Release|Any CPU.ActiveCfg = Release|Any CPU
		{E0F710C7-7968-409A-BDCC-E294D85763F6}.Release|Any CPU.Build.0 = Release|Any CPU
		{65ED28A5-78A1-42A1-81E4-F0AE09548742}.Debug|Any CPU.ActiveCfg = Debug|Any CPU
		{65ED28A5-78A1-42A1-81E4-F0AE09548742}.Debug|Any CPU.Build.0 = Debug|Any CPU
		{65ED28A5-78A1-42A1-81E4-F0AE09548742}.Release|Any CPU.ActiveCfg = Release|Any CPU
		{65ED28A5-78A1-42A1-81E4-F0AE09548742}.Release|Any CPU.Build.0 = Release|Any CPU
		{F0B0C1D6-1F74-4671-A7FF-E7FC25AEE04F}.Debug|Any CPU.ActiveCfg = Debug|Any CPU
		{F0B0C1D6-1F74-4671-A7FF-E7FC25AEE04F}.Debug|Any CPU.Build.0 = Debug|Any CPU
		{F0B0C1D6-1F74-4671-A7FF-E7FC25AEE04F}.Release|Any CPU.ActiveCfg = Release|Any CPU
		{F0B0C1D6-1F74-4671-A7FF-E7FC25AEE04F}.Release|Any CPU.Build.0 = Release|Any CPU
		{5C16CFD3-8ACD-4794-8A6B-82A0D161B1BF}.Debug|Any CPU.ActiveCfg = Debug|Any CPU
		{5C16CFD3-8ACD-4794-8A6B-82A0D161B1BF}.Debug|Any CPU.Build.0 = Debug|Any CPU
		{5C16CFD3-8ACD-4794-8A6B-82A0D161B1BF}.Release|Any CPU.ActiveCfg = Release|Any CPU
		{5C16CFD3-8ACD-4794-8A6B-82A0D161B1BF}.Release|Any CPU.Build.0 = Release|Any CPU
	EndGlobalSection
	GlobalSection(SolutionProperties) = preSolution
		HideSolutionNode = FALSE
	EndGlobalSection
	GlobalSection(NestedProjects) = preSolution
		{31C42F41-7E34-41C3-B3A5-9D7C78BA4830} = {34152654-30ED-4685-B8DD-294EF536B5E4}
		{61E2CF54-C262-4475-8C39-AEA115163D14} = {34152654-30ED-4685-B8DD-294EF536B5E4}
		{BDBFB8DA-F08F-4952-B47C-FF0BF97C2FB3} = {34152654-30ED-4685-B8DD-294EF536B5E4}
		{E546EDFC-4E86-4D11-B045-029B36895F58} = {446945DA-3A31-4BE7-A68F-940A1E9A612B}
		{A9FD2539-A36E-41F5-8849-5357EECDCA96} = {446945DA-3A31-4BE7-A68F-940A1E9A612B}
		{0D9A610D-AC03-49B7-B6D1-C183B527E8FD} = {446945DA-3A31-4BE7-A68F-940A1E9A612B}
		{82F860F6-42FD-4CA3-9AC4-2AF23E6C01E3} = {DE6D3FDB-DE57-44B7-9F83-9C8686316355}
		{ACE078AD-79B7-4D95-8FC0-9DBAF9604C3C} = {DE6D3FDB-DE57-44B7-9F83-9C8686316355}
		{121F501D-61B2-4D14-BC1D-0E45C5E87F58} = {DE6D3FDB-DE57-44B7-9F83-9C8686316355}
		{1E11B317-7659-4ECF-B4E1-114424B3BC3B} = {6252BBCA-9924-408A-9B3C-AFAB70920417}
		{2A228C48-CFD0-4583-9BA9-987791AAE8A4} = {6252BBCA-9924-408A-9B3C-AFAB70920417}
		{DFF4CA6C-1329-4BB3-A66F-BBA008B4343C} = {6252BBCA-9924-408A-9B3C-AFAB70920417}
		{225306D7-917A-4B64-ADCF-A98055FBF716} = {75B05F94-880D-4E73-954D-DA97C6894CBC}
		{BAA41741-F749-40D4-8E92-3932F7E13E7C} = {75B05F94-880D-4E73-954D-DA97C6894CBC}
		{303E9A85-D724-45B4-BDE6-41E28948E0AD} = {75B05F94-880D-4E73-954D-DA97C6894CBC}
		{3AE757DA-F658-4292-AF35-884B68059464} = {05DD9B74-0486-41A7-9AAC-1CAB9A0C4C03}
		{B86BA607-8A71-4007-94D6-3501F4E47DBC} = {05DD9B74-0486-41A7-9AAC-1CAB9A0C4C03}
		{947E2803-783D-4252-8B64-25E3E4885D87} = {05DD9B74-0486-41A7-9AAC-1CAB9A0C4C03}
		{76BEB49B-D984-4A5F-810B-EF7551829B79} = {B3C42B03-CB62-497C-A76B-E3ECCCD4194B}
		{C68B2A24-5117-473C-8D35-F5F2983128B5} = {B3C42B03-CB62-497C-A76B-E3ECCCD4194B}
		{E0F710C7-7968-409A-BDCC-E294D85763F6} = {B3C42B03-CB62-497C-A76B-E3ECCCD4194B}
		{65ED28A5-78A1-42A1-81E4-F0AE09548742} = {E12A21C6-099B-4B74-822E-0FA521098054}
		{F0B0C1D6-1F74-4671-A7FF-E7FC25AEE04F} = {E12A21C6-099B-4B74-822E-0FA521098054}
		{5C16CFD3-8ACD-4794-8A6B-82A0D161B1BF} = {E12A21C6-099B-4B74-822E-0FA521098054}
	EndGlobalSection
	GlobalSection(ExtensibilityGlobals) = postSolution
		SolutionGuid = {397523E7-57AE-4B01-934C-877401AE659A}
	EndGlobalSection
EndGlobal
